github.com/buger/jsonparser v1.1.1 h1:2PnMjfWD7wBILjqQbt530v576A/cAbQvEW9gGIpYMUs=
github.com/buger/jsonparser v1.1.1/go.mod h1:6RYKKt7H4d4+iWqouImQ9R2FZql3VbhNgx27UK13J/0=
github.com/ddliu/go-httpclient v0.6.9 h1:/3hsBVpcgCJwqm1dkVlnAJ9NWuYInbRc+i9FyUXX/LE=
github.com/ddliu/go-httpclient v0.6.9/go.mod h1:zM9P0OxV4OGGz1pt/ibuj0ooX2SWH9a6MvXZLbT0JMc=
